
Microsoft Visual Studio Solution File, Format Version 12.00
# Visual Studio Version 17
VisualStudioVersion = 17.5.002.0
MinimumVisualStudioVersion = 10.0.40219.1
Project("{9A19103F-16F7-4668-BE54-9A1E7A4F7556}") = "OrientacaoOO", "OrientacaoOO.csproj", "{CC215471-2627-4754-8D5D-2B989DCFDE88}"
EndProject
Global
	GlobalSection(SolutionConfigurationPlatforms) = preSolution
		Debug|Any CPU = Debug|Any CPU
		Release|Any CPU = Release|Any CPU
	EndGlobalSection
	GlobalSection(ProjectConfigurationPlatforms) = postSolution
		{CC215471-2627-4754-8D5D-2B989DCFDE88}.Debug|Any CPU.ActiveCfg = Debug|Any CPU
		{CC215471-2627-4754-8D5D-2B989DCFDE88}.Debug|Any CPU.Build.0 = Debug|Any CPU
		{CC215471-2627-4754-8D5D-2B989DCFDE88}.Release|Any CPU.ActiveCfg = Release|Any CPU
		{CC215471-2627-4754-8D5D-2B989DCFDE88}.Release|Any CPU.Build.0 = Release|Any CPU
	EndGlobalSection
	GlobalSection(SolutionProperties) = preSolution
		HideSolutionNode = FALSE
	EndGlobalSection
	GlobalSection(ExtensibilityGlobals) = postSolution
		SolutionGuid = {A70A919C-EAD9-4ACA-831C-97A7D2C9F170}
	EndGlobalSection
EndGlobal
